<?xml version="1.0" encoding="utf-8"?>
<Project ToolsVersion="4.0" xmlns="http://schemas.microsoft.com/developer/msbuild/2003">
  <ItemGroup>
    <Filter Include="win32">
      <UniqueIdentifier>{84a8ebd7-7cf0-47f6-b75e-d441df67da40}</UniqueIdentifier>
    </Filter>
    <Filter Include="Classes">
      <UniqueIdentifier>{bb6c862e-70e9-49d9-81b7-3829a6f50471}</UniqueIdentifier>
    </Filter>
    <Filter Include="resource">
      <UniqueIdentifier>{715254bc-d70b-4ec5-bf29-467dd3ace079}</UniqueIdentifier>
    </Filter>
    <Filter Include="Src">
      <UniqueIdentifier>{f3864835-dbbb-46a8-b022-3588db585394}</UniqueIdentifier>
    </Filter>
    <Filter Include="Src\Creature">
      <UniqueIdentifier>{f66a4445-27bd-4a6a-874f-36962f8672b4}</UniqueIdentifier>
    </Filter>
    <Filter Include="Src\Item">
      <UniqueIdentifier>{938f03e8-00c3-43bc-ad42-e4744e69d6ba}</UniqueIdentifier>
    </Filter>
    <Filter Include="Src\Event">
      <UniqueIdentifier>{280971c0-9d8b-41c9-846d-5ca1a3d581c2}</UniqueIdentifier>
    </Filter>
    <Filter Include="ThirdPart">
      <UniqueIdentifier>{13e808f9-ebe0-4915-916d-4aa65f95b318}</UniqueIdentifier>
    </Filter>
    <Filter Include="ThirdPart\TinyXml">
      <UniqueIdentifier>{8b784d4e-a470-4ee2-94d4-74c2134dcba8}</UniqueIdentifier>
    </Filter>
    <Filter Include="Src\Common">
      <UniqueIdentifier>{3dbe708c-6c99-4931-a3d3-2342e00bb9de}</UniqueIdentifier>
    </Filter>
    <Filter Include="ThirdPart\CoordinateConversion">
      <UniqueIdentifier>{469c13da-af65-4486-8cef-e67a096bd67e}</UniqueIdentifier>
    </Filter>
    <Filter Include="Src\Scene">
      <UniqueIdentifier>{1bc6968c-e0be-4bb6-95da-66207822bcb2}</UniqueIdentifier>
    </Filter>
  </ItemGroup>
  <ItemGroup>
    <ClCompile Include="main.cpp">
      <Filter>win32</Filter>
    </ClCompile>
    <ClCompile Include="..\Classes\AppDelegate.cpp">
      <Filter>Classes</Filter>
    </ClCompile>
    <ClCompile Include="..\Classes\HelloWorldScene.cpp">
      <Filter>Classes</Filter>
    </ClCompile>
    <ClCompile Include="..\src\Creature.cpp">
      <Filter>Src\Creature</Filter>
    </ClCompile>
    <ClCompile Include="..\src\NPC.cpp">
      <Filter>Src\Creature</Filter>
    </ClCompile>
    <ClCompile Include="..\src\Player.cpp">
      <Filter>Src\Creature</Filter>
    </ClCompile>
    <ClCompile Include="..\src\Bullet.cpp">
      <Filter>Src\Item</Filter>
    </ClCompile>
    <ClCompile Include="..\src\Gear.cpp">
      <Filter>Src\Item</Filter>
    </ClCompile>
    <ClCompile Include="..\src\Item.cpp">
      <Filter>Src\Item</Filter>
    </ClCompile>
    <ClCompile Include="..\src\Obstacles.cpp">
      <Filter>Src\Item</Filter>
    </ClCompile>
    <ClCompile Include="..\src\JTWEvent.cpp">
      <Filter>Src\Event</Filter>
    </ClCompile>
    <ClCompile Include="..\src\JTWPressEvent.cpp">
      <Filter>Src\Event</Filter>
    </ClCompile>
    <ClCompile Include="..\src\JTWPressMoveEvent.cpp">
      <Filter>Src\Event</Filter>
    </ClCompile>
    <ClCompile Include="..\src\JTWReleaseEvent.cpp">
      <Filter>Src\Event</Filter>
    </ClCompile>
    <ClCompile Include="..\thirdpart\tinyxml\tinystr.cpp">
      <Filter>ThirdPart\TinyXml</Filter>
    </ClCompile>
    <ClCompile Include="..\thirdpart\tinyxml\tinyxml.cpp">
      <Filter>ThirdPart\TinyXml</Filter>
    </ClCompile>
    <ClCompile Include="..\thirdpart\tinyxml\tinyxmlerror.cpp">
      <Filter>ThirdPart\TinyXml</Filter>
    </ClCompile>
    <ClCompile Include="..\thirdpart\tinyxml\tinyxmlparser.cpp">
      <Filter>ThirdPart\TinyXml</Filter>
    </ClCompile>
    <ClCompile Include="..\src\EventMgr.cpp">
      <Filter>Src\Event</Filter>
    </ClCompile>
    <ClCompile Include="..\src\MyEventListener.cpp">
      <Filter>Src\Event</Filter>
    </ClCompile>
    <ClCompile Include="..\src\ResourceLoader.cpp">
      <Filter>Src\Common</Filter>
    </ClCompile>
    <ClCompile Include="..\thirdpart\CoordinateConversion\CoordinateConversion.cpp">
      <Filter>ThirdPart\CoordinateConversion</Filter>
    </ClCompile>
    <ClCompile Include="..\src\LoadingSence.cpp">
      <Filter>Src\Scene</Filter>
    </ClCompile>
    <ClCompile Include="..\src\ResourceMgr.cpp">
      <Filter>Src\Common</Filter>
    </ClCompile>
    <ClCompile Include="..\src\WelcomeScene.cpp">
      <Filter>Src\Scene</Filter>
    </ClCompile>
  </ItemGroup>
  <ItemGroup>
    <ClInclude Include="main.h">
      <Filter>win32</Filter>
    </ClInclude>
    <ClInclude Include="..\Classes\AppDelegate.h">
      <Filter>Classes</Filter>
    </ClInclude>
    <ClInclude Include="..\Classes\HelloWorldScene.h">
      <Filter>Classes</Filter>
    </ClInclude>
    <ClInclude Include="..\src\Creature.h">
      <Filter>Src\Creature</Filter>
    </ClInclude>
    <ClInclude Include="..\src\NPC.h">
      <Filter>Src\Creature</Filter>
    </ClInclude>
    <ClInclude Include="..\src\Player.h">
      <Filter>Src\Creature</Filter>
    </ClInclude>
    <ClInclude Include="..\src\Bullet.h">
      <Filter>Src\Item</Filter>
    </ClInclude>
    <ClInclude Include="..\src\Gear.h">
      <Filter>Src\Item</Filter>
    </ClInclude>
    <ClInclude Include="..\src\Item.h">
      <Filter>Src\Item</Filter>
    </ClInclude>
    <ClInclude Include="..\src\Obstacles.h">
      <Filter>Src\Item</Filter>
    </ClInclude>
    <ClInclude Include="..\src\JTWEvent.h">
      <Filter>Src\Event</Filter>
    </ClInclude>
    <ClInclude Include="..\src\JTWPressEvent.h">
      <Filter>Src\Event</Filter>
    </ClInclude>
    <ClInclude Include="..\src\JTWPressMoveEvent.h">
      <Filter>Src\Event</Filter>
    </ClInclude>
    <ClInclude Include="..\src\JTWReleaseEvent.h">
      <Filter>Src\Event</Filter>
    </ClInclude>
    <ClInclude Include="..\thirdpart\tinyxml\tinystr.h">
      <Filter>ThirdPart\TinyXml</Filter>
    </ClInclude>
    <ClInclude Include="..\thirdpart\tinyxml\tinyxml.h">
      <Filter>ThirdPart\TinyXml</Filter>
    </ClInclude>
    <ClInclude Include="..\src\EventMgr.h">
      <Filter>Src\Event</Filter>
    </ClInclude>
    <ClInclude Include="..\src\MyEventListener.h">
      <Filter>Src\Event</Filter>
    </ClInclude>
    <ClInclude Include="..\src\EventDef.h">
      <Filter>Src\Event</Filter>
    </ClInclude>
    <ClInclude Include="..\src\ResourceLoader.h">
      <Filter>Src\Common</Filter>
    </ClInclude>
    <ClInclude Include="..\thirdpart\CoordinateConversion\CoordinateConversion.h">
      <Filter>ThirdPart\CoordinateConversion</Filter>
    </ClInclude>
    <ClInclude Include="..\src\LoadingSence.h">
      <Filter>Src\Scene</Filter>
    </ClInclude>
    <ClInclude Include="..\src\ResourceMgr.h">
      <Filter>Src\Common</Filter>
    </ClInclude>
    <ClInclude Include="..\src\Instance.h">
      <Filter>Src\Common</Filter>
    </ClInclude>
    <ClInclude Include="..\src\Common.h">
      <Filter>Src\Common</Filter>
    </ClInclude>
    <ClInclude Include="..\src\Log.h">
      <Filter>Src\Common</Filter>
    </ClInclude>
    <ClInclude Include="..\src\WelcomeScene.h">
      <Filter>Src\Scene</Filter>
    </ClInclude>
  </ItemGroup>
  <ItemGroup>
    <ResourceCompile Include="game.rc">
      <Filter>resource</Filter>
    </ResourceCompile>
  </ItemGroup>
</Project>